// !$*UTF8*$!
{
	archiveVersion = 1;
	classes = {
	};
	objectVersion = 56;
	objects = {

/* Begin PBXBuildFile section */
		5F15177D29BD8F590091E16A /* AppDelegate.swift in Sources */ = {isa = PBXBuildFile; fileRef = 5F15177C29BD8F590091E16A /* AppDelegate.swift */; };
		5F15177F29BD8F590091E16A /* SceneDelegate.swift in Sources */ = {isa = PBXBuildFile; fileRef = 5F15177E29BD8F590091E16A /* SceneDelegate.swift */; };
		5F15178129BD8F590091E16A /* ViewController.swift in Sources */ = {isa = PBXBuildFile; fileRef = 5F15178029BD8F590091E16A /* ViewController.swift */; };
		5F15178429BD8F590091E16A /* Main.storyboard in Resources */ = {isa = PBXBuildFile; fileRef = 5F15178229BD8F590091E16A /* Main.storyboard */; };
		5F15178629BD8F5A0091E16A /* Assets.xcassets in Resources */ = {isa = PBXBuildFile; fileRef = 5F15178529BD8F5A0091E16A /* Assets.xcassets */; };
		5F15178929BD8F5A0091E16A /* LaunchScreen.storyboard in Resources */ = {isa = PBXBuildFile; fileRef = 5F15178729BD8F5A0091E16A /* LaunchScreen.storyboard */; };
		5FED5BDC29BFC1E700C062D8 /* ProfileImage.swift in Sources */ = {isa = PBXBuildFile; fileRef = 5FED5BDB29BFC1E700C062D8 /* ProfileImage.swift */; };
		5FED5BDE29BFC3A500C062D8 /* EditFileViewController.swift in Sources */ = {isa = PBXBuildFile; fileRef = 5FED5BDD29BFC3A500C062D8 /* EditFileViewController.swift */; };
		5FED5BE029C00A0900C062D8 /* EditMyProfileViewController.swift in Sources */ = {isa = PBXBuildFile; fileRef = 5FED5BDF29C00A0900C062D8 /* EditMyProfileViewController.swift */; };
		5FED5BE229C00FE300C062D8 /* ProfileInfo.swift in Sources */ = {isa = PBXBuildFile; fileRef = 5FED5BE129C00FE300C062D8 /* ProfileInfo.swift */; };
/* End PBXBuildFile section */

/* Begin PBXFileReference section */
		5F15177929BD8F590091E16A /* by93_p3.app */ = {isa = PBXFileReference; explicitFileType = wrapper.application; includeInIndex = 0; path = by93_p3.app; sourceTree = BUILT_PRODUCTS_DIR; };
		5F15177C29BD8F590091E16A /* AppDelegate.swift */ = {isa = PBXFileReference; lastKnownFileType = sourcecode.swift; path = AppDelegate.swift; sourceTree = "<group>"; };
		5F15177E29BD8F590091E16A /* SceneDelegate.swift */ = {isa = PBXFileReference; lastKnownFileType = sourcecode.swift; path = SceneDelegate.swift; sourceTree = "<group>"; };
		5F15178029BD8F590091E16A /* ViewController.swift */ = {isa = PBXFileReference; lastKnownFileType = sourcecode.swift; path = ViewController.swift; sourceTree = "<group>"; };
		5F15178329BD8F590091E16A /* Base */ = {isa = PBXFileReference; lastKnownFileType = file.storyboard; name = Base; path = Base.lproj/Main.storyboard; sourceTree = "<group>"; };
		5F15178529BD8F5A0091E16A /* Assets.xcassets */ = {isa = PBXFileReference; lastKnownFileType = folder.assetcatalog; path = Assets.xcassets; sourceTree = "<group>"; };
		5F15178829BD8F5A0091E16A /* Base */ = {isa = PBXFileReference; lastKnownFileType = file.storyboard; name = Base; path = Base.lproj/LaunchScreen.storyboard; sourceTree = "<group>"; };
		5F15178A29BD8F5A0091E16A /* Info.plist */ = {isa = PBXFileReference; lastKnownFileType = text.plist.xml; path = Info.plist; sourceTree = "<group>"; };
		5FED5BDB29BFC1E700C062D8 /* ProfileImage.swift */ = {isa = PBXFileReference; lastKnownFileType = sourcecode.swift; path = ProfileImage.swift; sourceTree = "<group>"; };
		5FED5BDD29BFC3A500C062D8 /* EditFileViewController.swift */ = {isa = PBXFileReference; lastKnownFileType = sourcecode.swift; path = EditFileViewController.swift; sourceTree = "<group>"; };
		5FED5BDF29C00A0900C062D8 /* EditMyProfileViewController.swift */ = {isa = PBXFileReference; lastKnownFileType = sourcecode.swift; path = EditMyProfileViewController.swift; sourceTree = "<group>"; };
		5FED5BE129C00FE300C062D8 /* ProfileInfo.swift */ = {isa = PBXFileReference; lastKnownFileType = sourcecode.swift; path = ProfileInfo.swift; sourceTree = "<group>"; };
/* End PBXFileReference section */

/* Begin PBXFrameworksBuildPhase section */
		5F15177629BD8F590091E16A /* Frameworks */ = {
			isa = PBXFrameworksBuildPhase;
			buildActionMask = 2147483647;
			files = (
			);
			runOnlyForDeploymentPostprocessing = 0;
		};
/* End PBXFrameworksBuildPhase section */

/* Begin PBXGroup section */
		5F15177029BD8F590091E16A = {
			isa = PBXGroup;
			children = (
				5F15177B29BD8F590091E16A /* by93_p3 */,
				5F15177A29BD8F590091E16A /* Products */,
			);
			sourceTree = "<group>";
		};
		5F15177A29BD8F590091E16A /* Products */ = {
			isa = PBXGroup;
			children = (
				5F15177929BD8F590091E16A /* by93_p3.app */,
			);
			name = Products;
			sourceTree = "<group>";
		};
		5F15177B29BD8F590091E16A /* by93_p3 */ = {
			isa = PBXGroup;
			children = (
				5F15177C29BD8F590091E16A /* AppDelegate.swift */,
				5FED5BDB29BFC1E700C062D8 /* ProfileImage.swift */,
				5FED5BE129C00FE300C062D8 /* ProfileInfo.swift */,
				5F15177E29BD8F590091E16A /* SceneDelegate.swift */,
				5F15178029BD8F590091E16A /* ViewController.swift */,
				5FED5BDD29BFC3A500C062D8 /* EditFileViewController.swift */,
				5FED5BDF29C00A0900C062D8 /* EditMyProfileViewController.swift */,
				5F15178229BD8F590091E16A /* Main.storyboard */,
				5F15178529BD8F5A0091E16A /* Assets.xcassets */,
				5F15178729BD8F5A0091E16A /* LaunchScreen.storyboard */,
				5F15178A29BD8F5A0091E16A /* Info.plist */,
			);
			path = by93_p3;
			sourceTree = "<group>";
		};
/* End PBXGroup section */

/* Begin PBXNativeTarget section */
		5F15177829BD8F590091E16A /* by93_p3 */ = {
			isa = PBXNativeTarget;
			buildConfigurationList = 5F15178D29BD8F5A0091E16A /* Build configuration list for PBXNativeTarget "by93_p3" */;
			buildPhases = (
				5F15177529BD8F590091E16A /* Sources */,
				5F15177629BD8F590091E16A /* Frameworks */,
				5F15177729BD8F590091E16A /* Resources */,
			);
			buildRules = (
			);
			dependencies = (
			);
			name = by93_p3;
			productName = "Demo 2";
			productReference = 5F15177929BD8F590091E16A /* by93_p3.app */;
			productType = "com.apple.product-type.application";
		};
/* End PBXNativeTarget section */

/* Begin PBXProject section */
		5F15177129BD8F590091E16A /* Project object */ = {
			isa = PBXProject;
			attributes = {
				BuildIndependentTargetsInParallel = 1;
				LastSwiftUpdateCheck = 1420;
				LastUpgradeCheck = 1420;
				TargetAttributes = {
					5F15177829BD8F590091E16A = {
						CreatedOnToolsVersion = 14.2;
					};
				};
			};
			buildConfigurationList = 5F15177429BD8F590091E16A /* Build configuration list for PBXProject "by93_p3" */;
			compatibilityVersion = "Xcode 14.0";
			developmentRegion = en;
			hasScannedForEncodings = 0;
			knownRegions = (
				en,
				Base,
			);
			mainGroup = 5F15177029BD8F590091E16A;
			productRefGroup = 5F15177A29BD8F590091E16A /* Products */;
			projectDirPath = "";
			projectRoot = "";
			targets = (
				5F15177829BD8F590091E16A /* by93_p3 */,
			);
		};
/* End PBXProject section */

/* Begin PBXResourcesBuildPhase section */
		5F15177729BD8F590091E16A /* Resources */ = {
			isa = PBXResourcesBuildPhase;
			buildActionMask = 2147483647;
			files = (
				5F15178929BD8F5A0091E16A /* LaunchScreen.storyboard in Resources */,
				5F15178629BD8F5A0091E16A /* Assets.xcassets in Resources */,
				5F15178429BD8F590091E16A /* Main.storyboard in Resources */,
			);
			runOnlyForDeploymentPostprocessing = 0;
		};
/* End PBXResourcesBuildPhase section */

/* Begin PBXSourcesBuildPhase section */
		5F15177529BD8F590091E16A /* Sources */ = {
			isa = PBXSourcesBuildPhase;
			buildActionMask = 2147483647;
			files = (
				5FED5BE229C00FE300C062D8 /* ProfileInfo.swift in Sources */,
				5FED5BE029C00A0900C062D8 /* EditMyProfileViewController.swift in Sources */,
				5FED5BDE29BFC3A500C062D8 /* EditFileViewController.swift in Sources */,
				5F15178129BD8F590091E16A /* ViewController.swift in Sources */,
				5FED5BDC29BFC1E700C062D8 /* ProfileImage.swift in Sources */,
				5F15177D29BD8F590091E16A /* AppDelegate.swift in Sources */,
				5F15177F29BD8F590091E16A /* SceneDelegate.swift in Sources */,
			);
			runOnlyForDeploymentPostprocessing = 0;
		};
/* End PBXSourcesBuildPhase section */

/* Begin PBXVariantGroup section */
		5F15178229BD8F590091E16A /* Main.storyboard */ = {
			isa = PBXVariantGroup;
			children = (
				5F15178329BD8F590091E16A /* Base */,
			);
			name = Main.storyboard;
			sourceTree = "<group>";
		};
		5F15178729BD8F5A0091E16A /* LaunchScreen.storyboard */ = {
			isa = PBXVariantGroup;
			children = (
				5F15178829BD8F5A0091E16A /* Base */,
			);
			name = LaunchScreen.storyboard;
			sourceTree = "<group>";
		};
/* End PBXVariantGroup section */

/* Begin XCBuildConfiguration section */
		5F15178B29BD8F5A0091E16A /* Debug */ = {
			isa = XCBuildConfiguration;
			buildSettings = {
				ALWAYS_SEARCH_USER_PATHS = NO;
				CLANG_ANALYZER_NONNULL = YES;
				CLANG_ANALYZER_NUMBER_OBJECT_CONVERSION = YES_AGGRESSIVE;
				CLANG_CXX_LANGUAGE_STANDARD = "gnu++20";
				CLANG_ENABLE_MODULES = YES;
				CLANG_ENABLE_OBJC_ARC = YES;
				CLANG_ENABLE_OBJC_WEAK = YES;
				CLANG_WARN_BLOCK_CAPTURE_AUTORELEASING = YES;
				CLANG_WARN_BOOL_CONVERSION = YES;
				CLANG_WARN_COMMA = YES;
				CLANG_WARN_CONSTANT_CONVERSION = YES;
				CLANG_WARN_DEPRECATED_OBJC_IMPLEMENTATIONS = YES;
				CLANG_WARN_DIRECT_OBJC_ISA_USAGE = YES_ERROR;
				CLANG_WARN_DOCUMENTATION_COMMENTS = YES;
				CLANG_WARN_EMPTY_BODY = YES;
				CLANG_WARN_ENUM_CONVERSION = YES;
				CLANG_WARN_INFINITE_RECURSION = YES;
				CLANG_WARN_INT_CONVERSION = YES;
				CLANG_WARN_NON_LITERAL_NULL_CONVERSION = YES;
				CLANG_WARN_OBJC_IMPLICIT_RETAIN_SELF = YES;
				CLANG_WARN_OBJC_LITERAL_CONVERSION = YES;
				CLANG_WARN_OBJC_ROOT_CLASS = YES_ERROR;
				CLANG_WARN_QUOTED_INCLUDE_IN_FRAMEWORK_HEADER = YES;
				CLANG_WARN_RANGE_LOOP_ANALYSIS = YES;
				CLANG_WARN_STRICT_PROTOTYPES = YES;
				CLANG_WARN_SUSPICIOUS_MOVE = YES;
				CLANG_WARN_UNGUARDED_AVAILABILITY = YES_AGGRESSIVE;
				CLANG_WARN_UNREACHABLE_CODE = YES;
				CLANG_WARN__DUPLICATE_METHOD_MATCH = YES;
				COPY_PHASE_STRIP = NO;
				DEBUG_INFORMATION_FORMAT = dwarf;
				ENABLE_STRICT_OBJC_MSGSEND = YES;
				ENABLE_TESTABILITY = YES;
				GCC_C_LANGUAGE_STANDARD = gnu11;
				GCC_DYNAMIC_NO_PIC = NO;
				GCC_NO_COMMON_BLOCKS = YES;
				GCC_OPTIMIZATION_LEVEL = 0;
				GCC_PREPROCESSOR_DEFINITIONS = (
					"DEBUG=1",
					"$(inherited)",
				);
				GCC_WARN_64_TO_32_BIT_CONVERSION = YES;
				GCC_WARN_ABOUT_RETURN_TYPE = YES_ERROR;
				GCC_WARN_UNDECLARED_SELECTOR = YES;
				GCC_WARN_UNINITIALIZED_AUTOS = YES_AGGRESSIVE;
				GCC_WARN_UNUSED_FUNCTION = YES;
				GCC_WARN_UNUSED_VARIABLE = YES;
				IPHONEOS_DEPLOYMENT_TARGET = 16.2;
				MTL_ENABLE_DEBUG_INFO = INCLUDE_SOURCE;
				MTL_FAST_MATH = YES;
				ONLY_ACTIVE_ARCH = YES;
				SDKROOT = iphoneos;
				SWIFT_ACTIVE_COMPILATION_CONDITIONS = DEBUG;
				SWIFT_OPTIMIZATION_LEVEL = "-Onone";
			};
			name = Debug;
		};
		5F15178C29BD8F5A0091E16A /* Release */ = {
			isa = XCBuildConfiguration;
			buildSettings = {
				ALWAYS_SEARCH_USER_PATHS = NO;
				CLANG_ANALYZER_NONNULL = YES;
				CLANG_ANALYZER_NUMBER_OBJECT_CONVERSION = YES_AGGRESSIVE;
				CLANG_CXX_LANGUAGE_STANDARD = "gnu++20";
				CLANG_ENABLE_MODULES = YES;
				CLANG_ENABLE_OBJC_ARC = YES;
				CLANG_ENABLE_OBJC_WEAK = YES;
				CLANG_WARN_BLOCK_CAPTURE_AUTORELEASING = YES;
				CLANG_WARN_BOOL_CONVERSION = YES;
				CLANG_WARN_COMMA = YES;
				CLANG_WARN_CONSTANT_CONVERSION = YES;
				CLANG_WARN_DEPRECATED_OBJC_IMPLEMENTATIONS = YES;
				CLANG_WARN_DIRECT_OBJC_ISA_USAGE = YES_ERROR;
				CLANG_WARN_DOCUMENTATION_COMMENTS = YES;
				CLANG_WARN_EMPTY_BODY = YES;
				CLANG_WARN_ENUM_CONVERSION = YES;
				CLANG_WARN_INFINITE_RECURSION = YES;
				CLANG_WARN_INT_CONVERSION = YES;
				CLANG_WARN_NON_LITERAL_NULL_CONVERSION = YES;
				CLANG_WARN_OBJC_IMPLICIT_RETAIN_SELF = YES;
				CLANG_WARN_OBJC_LITERAL_CONVERSION = YES;
				CLANG_WARN_OBJC_ROOT_CLASS = YES_ERROR;
				CLANG_WARN_QUOTED_INCLUDE_IN_FRAMEWORK_HEADER = YES;
				CLANG_WARN_RANGE_LOOP_ANALYSIS = YES;
				CLANG_WARN_STRICT_PROTOTYPES = YES;
				CLANG_WARN_SUSPICIOUS_MOVE = YES;
				CLANG_WARN_UNGUARDED_AVAILABILITY = YES_AGGRESSIVE;
				CLANG_WARN_UNREACHABLE_CODE = YES;
				CLANG_WARN__DUPLICATE_METHOD_MATCH = YES;
				COPY_PHASE_STRIP = NO;
				DEBUG_INFORMATION_FORMAT = "dwarf-with-dsym";
				ENABLE_NS_ASSERTIONS = NO;
				ENABLE_STRICT_OBJC_MSGSEND = YES;
				GCC_C_LANGUAGE_STANDARD = gnu11;
				GCC_NO_COMMON_BLOCKS = YES;
				GCC_WARN_64_TO_32_BIT_CONVERSION = YES;
				GCC_WARN_ABOUT_RETURN_TYPE = YES_ERROR;
				GCC_WARN_UNDECLARED_SELECTOR = YES;
				GCC_WARN_UNINITIALIZED_AUTOS = YES_AGGRESSIVE;
				GCC_WARN_UNUSED_FUNCTION = YES;
				GCC_WARN_UNUSED_VARIABLE = YES;
				IPHONEOS_DEPLOYMENT_TARGET = 16.2;
				MTL_ENABLE_DEBUG_INFO = NO;
				MTL_FAST_MATH = YES;
				SDKROOT = iphoneos;
				SWIFT_COMPILATION_MODE = wholemodule;
				SWIFT_OPTIMIZATION_LEVEL = "-O";
				VALIDATE_PRODUCT = YES;
			};
			name = Release;
		};
		5F15178E29BD8F5A0091E16A /* Debug */ = {
			isa = XCBuildConfiguration;
			buildSettings = {
				ASSETCATALOG_COMPILER_APPICON_NAME = AppIcon;
				ASSETCATALOG_COMPILER_GLOBAL_ACCENT_COLOR_NAME = AccentColor;
				CODE_SIGN_STYLE = Automatic;
				CURRENT_PROJECT_VERSION = 1;
				GENERATE_INFOPLIST_FILE = YES;
				INFOPLIST_FILE = "Demo 2/Info.plist";
				INFOPLIST_KEY_UIApplicationSupportsIndirectInputEvents = YES;
				INFOPLIST_KEY_UILaunchStoryboardName = LaunchScreen;
				INFOPLIST_KEY_UIMainStoryboardFile = Main;
				INFOPLIST_KEY_UISupportedInterfaceOrientations_iPad = "UIInterfaceOrientationPortrait UIInterfaceOrientationPortraitUpsideDown UIInterfaceOrientationLandscapeLeft UIInterfaceOrientationLandscapeRight";
				INFOPLIST_KEY_UISupportedInterfaceOrientations_iPhone = "UIInterfaceOrientationPortrait UIInterfaceOrientationLandscapeLeft UIInterfaceOrientationLandscapeRight";
				LD_RUNPATH_SEARCH_PATHS = (
					"$(inherited)",
					"@executable_path/Frameworks",
				);
				MARKETING_VERSION = 1.0;
				PRODUCT_BUNDLE_IDENTIFIER = "ios.Demo-2";
				PRODUCT_NAME = "$(TARGET_NAME)";
				SWIFT_EMIT_LOC_STRINGS = YES;
				SWIFT_VERSION = 5.0;
				TARGETED_DEVICE_FAMILY = "1,2";
			};
			name = Debug;
		};
		5F15178F29BD8F5A0091E16A /* Release */ = {
			isa = XCBuildConfiguration;
			buildSettings = {
				ASSETCATALOG_COMPILER_APPICON_NAME = AppIcon;
				ASSETCATALOG_COMPILER_GLOBAL_ACCENT_COLOR_NAME = AccentColor;
				CODE_SIGN_STYLE = Automatic;
				CURRENT_PROJECT_VERSION = 1;
				GENERATE_INFOPLIST_FILE = YES;
				INFOPLIST_FILE = "Demo 2/Info.plist";
				INFOPLIST_KEY_UIApplicationSupportsIndirectInputEvents = YES;
				INFOPLIST_KEY_UILaunchStoryboardName = LaunchScreen;
				INFOPLIST_KEY_UIMainStoryboardFile = Main;
				INFOPLIST_KEY_UISupportedInterfaceOrientations_iPad = "UIInterfaceOrientationPortrait UIInterfaceOrientationPortraitUpsideDown UIInterfaceOrientationLandscapeLeft UIInterfaceOrientationLandscapeRight";
				INFOPLIST_KEY_UISupportedInterfaceOrientations_iPhone = "UIInterfaceOrientationPortrait UIInterfaceOrientationLandscapeLeft UIInterfaceOrientationLandscapeRight";
				LD_RUNPATH_SEARCH_PATHS = (
					"$(inherited)",
					"@executable_path/Frameworks",
				);
				MARKETING_VERSION = 1.0;
				PRODUCT_BUNDLE_IDENTIFIER = "ios.Demo-2";
				PRODUCT_NAME = "$(TARGET_NAME)";
				SWIFT_EMIT_LOC_STRINGS = YES;
				SWIFT_VERSION = 5.0;
				TARGETED_DEVICE_FAMILY = "1,2";
			};
			name = Release;
		};
/* End XCBuildConfiguration section */

/* Begin XCConfigurationList section */
		5F15177429BD8F590091E16A /* Build configuration list for PBXProject "by93_p3" */ = {
			isa = XCConfigurationList;
			buildConfigurations = (
				5F15178B29BD8F5A0091E16A /* Debug */,
				5F15178C29BD8F5A0091E16A /* Release */,
			);
			defaultConfigurationIsVisible = 0;
			defaultConfigurationName = Release;
		};
		5F15178D29BD8F5A0091E16A /* Build configuration list for PBXNativeTarget "by93_p3" */ = {
			isa = XCConfigurationList;
			buildConfigurations = (
				5F15178E29BD8F5A0091E16A /* Debug */,
				5F15178F29BD8F5A0091E16A /* Release */,
			);
			defaultConfigurationIsVisible = 0;
			defaultConfigurationName = Release;
		};
/* End XCConfigurationList section */
	};
	rootObject = 5F15177129BD8F590091E16A /* Project object */;
}
